// !$*UTF8*$!
{
	archiveVersion = 1;
	classes = {
	};
	objectVersion = 110;
	objects = {

/* Begin PBXContainerItemProxy section */
		845E4BFC305E84B600EB3123 /* PBXContainerItemProxy */ = {
			isa = PBXContainerItemProxy;
			containerPortal = 845E4BE6305E84B500EB3123 /* Project object */;
			proxyType = 1;
			remoteGlobalIDString = 845E4BED305E84B500EB3123;
			remoteInfo = OutingPlanner;
		};
		845E4C06305E84B600EB3123 /* PBXContainerItemProxy */ = {
			isa = PBXContainerItemProxy;
			containerPortal = 845E4BE6305E84B500EB3123 /* Project object */;
			proxyType = 1;
			remoteGlobalIDString = 845E4BED305E84B500EB3123;
			remoteInfo = OutingPlanner;
		};
/* End PBXContainerItemProxy section */

/* Begin PBXFileReference section */
		845E4BEE305E84B500EB3123 /* OutingPlanner.app */ = {isa = PBXFileReference; explicitFileType = wrapper.application; includeInIndex = 0; path = OutingPlanner.app; sourceTree = BUILT_PRODUCTS_DIR; };
		845E4BFB305E84B600EB3123 /* OutingPlannerTests.xctest */ = {isa = PBXFileReference; explicitFileType = wrapper.cfbundle; includeInIndex = 0; path = OutingPlannerTests.xctest; sourceTree = BUILT_PRODUCTS_DIR; };
		845E4C05305E84B600EB3123 /* OutingPlannerUITests.xctest */ = {isa = PBXFileReference; explicitFileType = wrapper.cfbundle; includeInIndex = 0; path = OutingPlannerUITests.xctest; sourceTree = BUILT_PRODUCTS_DIR; };
/* End PBXFileReference section */

/* Begin PBXFileSystemSynchronizedRootGroup section */
		845E4BF0305E84B500EB3123 /* OutingPlanner */ = {
			isa = PBXFileSystemSynchronizedRootGroup;
			path = OutingPlanner;
			sourceTree = "<group>";
		};
		845E4BFE305E84B600EB3123 /* OutingPlannerTests */ = {
			isa = PBXFileSystemSynchronizedRootGroup;
			path = OutingPlannerTests;
			sourceTree = "<group>";
		};
		845E4C08305E84B600EB3123 /* OutingPlannerUITests */ = {
			isa = PBXFileSystemSynchronizedRootGroup;
			path = OutingPlannerUITests;
			sourceTree = "<group>";
		};
/* End PBXFileSystemSynchronizedRootGroup section */

/* Begin PBXFrameworksBuildPhase section */
		845E4BEB305E84B500EB3123 /* Frameworks */ = {
			isa = PBXFrameworksBuildPhase;
			files = (
			);
		};
		845E4BF8305E84B600EB3123 /* Frameworks */ = {
			isa = PBXFrameworksBuildPhase;
			files = (
			);
		};
		845E4C02305E84B600EB3123 /* Frameworks */ = {
			isa = PBXFrameworksBuildPhase;
			files = (
			);
		};
/* End PBXFrameworksBuildPhase section */

/* Begin PBXGroup section */
		845E4BE5305E84B500EB3123 = {
			isa = PBXGroup;
			children = (
				845E4BF0305E84B500EB3123 /* OutingPlanner */,
				845E4BFE305E84B600EB3123 /* OutingPlannerTests */,
				845E4C08305E84B600EB3123 /* OutingPlannerUITests */,
				845E4BEF305E84B500EB3123 /* Products */,
			);
			sourceTree = "<group>";
		};
		845E4BEF305E84B500EB3123 /* Products */ = {
			isa = PBXGroup;
			children = (
				845E4BEE305E84B500EB3123 /* OutingPlanner.app */,
				845E4BFB305E84B600EB3123 /* OutingPlannerTests.xctest */,
				845E4C05305E84B600EB3123 /* OutingPlannerUITests.xctest */,
			);
			name = Products;
			sourceTree = "<group>";
		};
/* End PBXGroup section */

/* Begin PBXNativeTarget section */
		845E4BED305E84B500EB3123 /* OutingPlanner */ = {
			isa = PBXNativeTarget;
			buildConfigurationList = 845E4C0D305E84B600EB3123 /* Build configuration list for PBXNativeTarget "OutingPlanner" */;
			buildPhases = (
				845E4BEA305E84B500EB3123 /* Sources */,
				845E4BEB305E84B500EB3123 /* Frameworks */,
				845E4BEC305E84B500EB3123 /* Resources */,
			);
			buildRules = (
			);
			fileSystemSynchronizedGroups = (
				845E4BF0305E84B500EB3123 /* OutingPlanner */,
			);
			name = OutingPlanner;
			productName = OutingPlanner;
			productReference = 845E4BEE305E84B500EB3123 /* OutingPlanner.app */;
			productType = "com.apple.product-type.application";
		};
		845E4BFA305E84B600EB3123 /* OutingPlannerTests */ = {
			isa = PBXNativeTarget;
			buildConfigurationList = 845E4C10305E84B600EB3123 /* Build configuration list for PBXNativeTarget "OutingPlannerTests" */;
			buildPhases = (
				845E4BF7305E84B600EB3123 /* Sources */,
				845E4BF8305E84B600EB3123 /* Frameworks */,
				845E4BF9305E84B600EB3123 /* Resources */,
			);
			buildRules = (
			);
			dependencies = (
				845E4BFD305E84B600EB3123 /* PBXTargetDependency */,
			);
			fileSystemSynchronizedGroups = (
				845E4BFE305E84B600EB3123 /* OutingPlannerTests */,
			);
			name = OutingPlannerTests;
			productName = OutingPlannerTests;
			productReference = 845E4BFB305E84B600EB3123 /* OutingPlannerTests.xctest */;
			productType = "com.apple.product-type.bundle.unit-test";
		};
		845E4C04305E84B600EB3123 /* OutingPlannerUITests */ = {
			isa = PBXNativeTarget;
			buildConfigurationList = 845E4C13305E84B600EB3123 /* Build configuration list for PBXNativeTarget "OutingPlannerUITests" */;
			buildPhases = (
				845E4C01305E84B600EB3123 /* Sources */,
				845E4C02305E84B600EB3123 /* Frameworks */,
				845E4C03305E84B600EB3123 /* Resources */,
			);
			buildRules = (
			);
			dependencies = (
				845E4C07305E84B600EB3123 /* PBXTargetDependency */,
			);
			fileSystemSynchronizedGroups = (
				845E4C08305E84B600EB3123 /* OutingPlannerUITests */,
			);
			name = OutingPlannerUITests;
			productName = OutingPlannerUITests;
			productReference = 845E4C05305E84B600EB3123 /* OutingPlannerUITests.xctest */;
			productType = "com.apple.product-type.bundle.ui-testing";
		};
/* End PBXNativeTarget section */

/* Begin PBXProject section */
		845E4BE6305E84B500EB3123 /* Project object */ = {
			isa = PBXProject;
			attributes = {
				BuildIndependentTargetsInParallel = 1;
				LastSwiftUpdateCheck = 2700;
				LastUpgradeCheck = 2700;
				TargetAttributes = {
					845E4BED305E84B500EB3123 = {
						CreatedOnToolsVersion = 27.0;
					};
					845E4BFA305E84B600EB3123 = {
						CreatedOnToolsVersion = 27.0;
						TestTargetID = 845E4BED305E84B500EB3123;
					};
					845E4C04305E84B600EB3123 = {
						CreatedOnToolsVersion = 27.0;
						TestTargetID = 845E4BED305E84B500EB3123;
					};
				};
			};
			buildConfigurationList = 845E4BE9305E84B500EB3123 /* Build configuration list for PBXProject "OutingPlanner" */;
			developmentRegion = en;
			hasScannedForEncodings = 0;
			knownRegions = (
				en,
				Base,
			);
			mainGroup = 845E4BE5305E84B500EB3123;
			minimizedProjectReferenceProxies = 1;
			preferredProjectObjectVersion = 77;
			productRefGroup = 845E4BEF305E84B500EB3123 /* Products */;
			projectDirPath = "";
			projectRoot = "";
			targets = (
				845E4BED305E84B500EB3123 /* OutingPlanner */,
				845E4BFA305E84B600EB3123 /* OutingPlannerTests */,
				845E4C04305E84B600EB3123 /* OutingPlannerUITests */,
			);
		};
/* End PBXProject section */

/* Begin PBXResourcesBuildPhase section */
		845E4BEC305E84B500EB3123 /* Resources */ = {
			isa = PBXResourcesBuildPhase;
			files = (
			);
		};
		845E4BF9305E84B600EB3123 /* Resources */ = {
			isa = PBXResourcesBuildPhase;
			files = (
			);
		};
		845E4C03305E84B600EB3123 /* Resources */ = {
			isa = PBXResourcesBuildPhase;
			files = (
			);
		};
/* End PBXResourcesBuildPhase section */

/* Begin PBXSourcesBuildPhase section */
		845E4BEA305E84B500EB3123 /* Sources */ = {
			isa = PBXSourcesBuildPhase;
			files = (
			);
		};
		845E4BF7305E84B600EB3123 /* Sources */ = {
			isa = PBXSourcesBuildPhase;
			files = (
			);
		};
		845E4C01305E84B600EB3123 /* Sources */ = {
			isa = PBXSourcesBuildPhase;
			files = (
			);
		};
/* End PBXSourcesBuildPhase section */

/* Begin PBXTargetDependency section */
		845E4BFD305E84B600EB3123 /* PBXTargetDependency */ = {
			isa = PBXTargetDependency;
			target = 845E4BED305E84B500EB3123 /* OutingPlanner */;
			targetProxy = 845E4BFC305E84B600EB3123 /* PBXContainerItemProxy */;
		};
		845E4C07305E84B600EB3123 /* PBXTargetDependency */ = {
			isa = PBXTargetDependency;
			target = 845E4BED305E84B500EB3123 /* OutingPlanner */;
			targetProxy = 845E4C06305E84B600EB3123 /* PBXContainerItemProxy */;
		};
/* End PBXTargetDependency section */

/* Begin XCBuildConfiguration section */
		845E4C0B305E84B600EB3123 /* Debug configuration for PBXProject "OutingPlanner" */ = {
			isa = XCBuildConfiguration;
			buildSettings = {
				ALWAYS_SEARCH_USER_PATHS = NO;
				ASSETCATALOG_COMPILER_GENERATE_SWIFT_ASSET_SYMBOL_EXTENSIONS = YES;
				CLANG_ANALYZER_NONNULL = YES;
				CLANG_ANALYZER_NUMBER_OBJECT_CONVERSION = YES_AGGRESSIVE;
				CLANG_CXX_LANGUAGE_STANDARD = "gnu++20";
				CLANG_ENABLE_MODULES = YES;
				CLANG_ENABLE_OBJC_ARC = YES;
				CLANG_ENABLE_OBJC_WEAK = YES;
				CLANG_WARN_BLOCK_CAPTURE_AUTORELEASING = YES;
				CLANG_WARN_BOOL_CONVERSION = YES;
				CLANG_WARN_COMMA = YES;
				CLANG_WARN_CONSTANT_CONVERSION = YES;
				CLANG_WARN_DEPRECATED_OBJC_IMPLEMENTATIONS = YES;
				CLANG_WARN_DIRECT_OBJC_ISA_USAGE = YES_ERROR;
				CLANG_WARN_DOCUMENTATION_COMMENTS = YES;
				CLANG_WARN_EMPTY_BODY = YES;
				CLANG_WARN_ENUM_CONVERSION = YES;
				CLANG_WARN_INFINITE_RECURSION = YES;
				CLANG_WARN_INT_CONVERSION = YES;
				CLANG_WARN_NON_LITERAL_NULL_CONVERSION = YES;
				CLANG_WARN_OBJC_IMPLICIT_RETAIN_SELF = YES;
				CLANG_WARN_OBJC_LITERAL_CONVERSION = YES;
				CLANG_WARN_OBJC_ROOT_CLASS = YES_ERROR;
				CLANG_WARN_QUOTED_INCLUDE_IN_FRAMEWORK_HEADER = YES;
				CLANG_WARN_RANGE_LOOP_ANALYSIS = YES;
				CLANG_WARN_STRICT_PROTOTYPES = YES;
				CLANG_WARN_SUSPICIOUS_MOVE = YES;
				CLANG_WARN_UNGUARDED_AVAILABILITY = YES_AGGRESSIVE;
				CLANG_WARN_UNREACHABLE_CODE = YES;
				CLANG_WARN__DUPLICATE_METHOD_MATCH = YES;
				COPY_PHASE_STRIP = NO;
				DEBUG_INFORMATION_FORMAT = dwarf;
				DEVELOPMENT_TEAM = 2SGU3AV6ZQ;
				ENABLE_STRICT_OBJC_MSGSEND = YES;
				ENABLE_TESTABILITY = YES;
				ENABLE_USER_SCRIPT_SANDBOXING = YES;
				GCC_C_LANGUAGE_STANDARD = gnu17;
				GCC_DYNAMIC_NO_PIC = NO;
				GCC_NO_COMMON_BLOCKS = YES;
				GCC_OPTIMIZATION_LEVEL = 0;
				GCC_PREPROCESSOR_DEFINITIONS = (
					"DEBUG=1",
					"$(inherited)",
				);
				GCC_WARN_64_TO_32_BIT_CONVERSION = YES;
				GCC_WARN_ABOUT_RETURN_TYPE = YES_ERROR;
				GCC_WARN_UNDECLARED_SELECTOR = YES;
				GCC_WARN_UNINITIALIZED_AUTOS = YES_AGGRESSIVE;
				GCC_WARN_UNUSED_FUNCTION = YES;
				GCC_WARN_UNUSED_VARIABLE = YES;
				IPHONEOS_DEPLOYMENT_TARGET = 27.0;
				LOCALIZATION_PREFERS_STRING_CATALOGS = YES;
				MTL_ENABLE_DEBUG_INFO = INCLUDE_SOURCE;
				MTL_FAST_MATH = YES;
				ONLY_ACTIVE_ARCH = YES;
				SDKROOT = iphoneos;
				SWIFT_ACTIVE_COMPILATION_CONDITIONS = "DEBUG $(inherited)";
				SWIFT_OPTIMIZATION_LEVEL = "-Onone";
			};
			name = Debug;
		};
		845E4C0C305E84B600EB3123 /* Release configuration for PBXProject "OutingPlanner" */ = {
			isa = XCBuildConfiguration;
			buildSettings = {
				ALWAYS_SEARCH_USER_PATHS = NO;
				ASSETCATALOG_COMPILER_GENERATE_SWIFT_ASSET_SYMBOL_EXTENSIONS = YES;
				CLANG_ANALYZER_NONNULL = YES;
				CLANG_ANALYZER_NUMBER_OBJECT_CONVERSION = YES_AGGRESSIVE;
				CLANG_CXX_LANGUAGE_STANDARD = "gnu++20";
				CLANG_ENABLE_MODULES = YES;
				CLANG_ENABLE_OBJC_ARC = YES;
				CLANG_ENABLE_OBJC_WEAK = YES;
				CLANG_WARN_BLOCK_CAPTURE_AUTORELEASING = YES;
				CLANG_WARN_BOOL_CONVERSION = YES;
				CLANG_WARN_COMMA = YES;
				CLANG_WARN_CONSTANT_CONVERSION = YES;
				CLANG_WARN_DEPRECATED_OBJC_IMPLEMENTATIONS = YES;
				CLANG_WARN_DIRECT_OBJC_ISA_USAGE = YES_ERROR;
				CLANG_WARN_DOCUMENTATION_COMMENTS = YES;
				CLANG_WARN_EMPTY_BODY = YES;
				CLANG_WARN_ENUM_CONVERSION = YES;
				CLANG_WARN_INFINITE_RECURSION = YES;
				CLANG_WARN_INT_CONVERSION = YES;
				CLANG_WARN_NON_LITERAL_NULL_CONVERSION = YES;
				CLANG_WARN_OBJC_IMPLICIT_RETAIN_SELF = YES;
				CLANG_WARN_OBJC_LITERAL_CONVERSION = YES;
				CLANG_WARN_OBJC_ROOT_CLASS = YES_ERROR;
				CLANG_WARN_QUOTED_INCLUDE_IN_FRAMEWORK_HEADER = YES;
				CLANG_WARN_RANGE_LOOP_ANALYSIS = YES;
				CLANG_WARN_STRICT_PROTOTYPES = YES;
				CLANG_WARN_SUSPICIOUS_MOVE = YES;
				CLANG_WARN_UNGUARDED_AVAILABILITY = YES_AGGRESSIVE;
				CLANG_WARN_UNREACHABLE_CODE = YES;
				CLANG_WARN__DUPLICATE_METHOD_MATCH = YES;
				COPY_PHASE_STRIP = NO;
				DEBUG_INFORMATION_FORMAT = "dwarf-with-dsym";
				DEVELOPMENT_TEAM = 2SGU3AV6ZQ;
				ENABLE_NS_ASSERTIONS = NO;
				ENABLE_STRICT_OBJC_MSGSEND = YES;
				ENABLE_USER_SCRIPT_SANDBOXING = YES;
				GCC_C_LANGUAGE_STANDARD = gnu17;
				GCC_NO_COMMON_BLOCKS = YES;
				GCC_WARN_64_TO_32_BIT_CONVERSION = YES;
				GCC_WARN_ABOUT_RETURN_TYPE = YES_ERROR;
				GCC_WARN_UNDECLARED_SELECTOR = YES;
				GCC_WARN_UNINITIALIZED_AUTOS = YES_AGGRESSIVE;
				GCC_WARN_UNUSED_FUNCTION = YES;
				GCC_WARN_UNUSED_VARIABLE = YES;
				IPHONEOS_DEPLOYMENT_TARGET = 27.0;
				LOCALIZATION_PREFERS_STRING_CATALOGS = YES;
				MTL_ENABLE_DEBUG_INFO = NO;
				MTL_FAST_MATH = YES;
				SDKROOT = iphoneos;
				SWIFT_COMPILATION_MODE = wholemodule;
				VALIDATE_PRODUCT = YES;
			};
			name = Release;
		};
		845E4C0E305E84B600EB3123 /* Debug configuration for PBXNativeTarget "OutingPlanner" */ = {
			isa = XCBuildConfiguration;
			buildSettings = {
				ASSETCATALOG_COMPILER_APPICON_NAME = AppIcon;
				ASSETCATALOG_COMPILER_GLOBAL_ACCENT_COLOR_NAME = AccentColor;
				CODE_SIGN_STYLE = Automatic;
				CURRENT_PROJECT_VERSION = 1;
				DEVELOPMENT_TEAM = 2SGU3AV6ZQ;
				ENABLE_PREVIEWS = YES;
				GENERATE_INFOPLIST_FILE = YES;
				INFOPLIST_KEY_UIApplicationSceneManifest_Generation = YES;
				INFOPLIST_KEY_UIApplicationSupportsIndirectInputEvents = YES;
				INFOPLIST_KEY_UILaunchScreen_Generation = YES;
				INFOPLIST_KEY_UISupportedInterfaceOrientations_iPad = "UIInterfaceOrientationPortrait UIInterfaceOrientationPortraitUpsideDown UIInterfaceOrientationLandscapeLeft UIInterfaceOrientationLandscapeRight";
				INFOPLIST_KEY_UISupportedInterfaceOrientations_iPhone = "UIInterfaceOrientationPortrait UIInterfaceOrientationLandscapeLeft UIInterfaceOrientationLandscapeRight";
				INFOPLIST_KEY_UIUserInterfaceStyle = Light;
				LD_RUNPATH_SEARCH_PATHS = (
					"$(inherited)",
					"@executable_path/Frameworks",
				);
				MARKETING_VERSION = 1.0;
				PRODUCT_BUNDLE_IDENTIFIER = com.ysjp.OutingPlanner;
				PRODUCT_NAME = "$(TARGET_NAME)";
				STRING_CATALOG_GENERATE_SYMBOLS = YES;
				SWIFT_APPROACHABLE_CONCURRENCY = YES;
				SWIFT_DEFAULT_ACTOR_ISOLATION = MainActor;
				SWIFT_EMIT_LOC_STRINGS = YES;
				SWIFT_UPCOMING_FEATURE_MEMBER_IMPORT_VISIBILITY = YES;
				SWIFT_VERSION = 5.0;
				TARGETED_DEVICE_FAMILY = "1,2";
			};
			name = Debug;
		};
		845E4C0F305E84B600EB3123 /* Release configuration for PBXNativeTarget "OutingPlanner" */ = {
			isa = XCBuildConfiguration;
			buildSettings = {
				ASSETCATALOG_COMPILER_APPICON_NAME = AppIcon;
				ASSETCATALOG_COMPILER_GLOBAL_ACCENT_COLOR_NAME = AccentColor;
				CODE_SIGN_STYLE = Automatic;
				CURRENT_PROJECT_VERSION = 1;
				DEVELOPMENT_TEAM = 2SGU3AV6ZQ;
				ENABLE_PREVIEWS = YES;
				GENERATE_INFOPLIST_FILE = YES;
				INFOPLIST_KEY_UIApplicationSceneManifest_Generation = YES;
				INFOPLIST_KEY_UIApplicationSupportsIndirectInputEvents = YES;
				INFOPLIST_KEY_UILaunchScreen_Generation = YES;
				INFOPLIST_KEY_UISupportedInterfaceOrientations_iPad = "UIInterfaceOrientationPortrait UIInterfaceOrientationPortraitUpsideDown UIInterfaceOrientationLandscapeLeft UIInterfaceOrientationLandscapeRight";
				INFOPLIST_KEY_UISupportedInterfaceOrientations_iPhone = "UIInterfaceOrientationPortrait UIInterfaceOrientationLandscapeLeft UIInterfaceOrientationLandscapeRight";
				INFOPLIST_KEY_UIUserInterfaceStyle = Light;
				LD_RUNPATH_SEARCH_PATHS = (
					"$(inherited)",
					"@executable_path/Frameworks",
				);
				MARKETING_VERSION = 1.0;
				PRODUCT_BUNDLE_IDENTIFIER = com.ysjp.OutingPlanner;
				PRODUCT_NAME = "$(TARGET_NAME)";
				STRING_CATALOG_GENERATE_SYMBOLS = YES;
				SWIFT_APPROACHABLE_CONCURRENCY = YES;
				SWIFT_DEFAULT_ACTOR_ISOLATION = MainActor;
				SWIFT_EMIT_LOC_STRINGS = YES;
				SWIFT_UPCOMING_FEATURE_MEMBER_IMPORT_VISIBILITY = YES;
				SWIFT_VERSION = 5.0;
				TARGETED_DEVICE_FAMILY = "1,2";
			};
			name = Release;
		};
		845E4C11305E84B600EB3123 /* Debug configuration for PBXNativeTarget "OutingPlannerTests" */ = {
			isa = XCBuildConfiguration;
			buildSettings = {
				BUNDLE_LOADER = "$(TEST_HOST)";
				CODE_SIGN_STYLE = Automatic;
				CURRENT_PROJECT_VERSION = 1;
				DEVELOPMENT_TEAM = 2SGU3AV6ZQ;
				GENERATE_INFOPLIST_FILE = YES;
				IPHONEOS_DEPLOYMENT_TARGET = 27.0;
				MARKETING_VERSION = 1.0;
				PRODUCT_BUNDLE_IDENTIFIER = com.ysjp.OutingPlannerTests;
				PRODUCT_NAME = "$(TARGET_NAME)";
				STRING_CATALOG_GENERATE_SYMBOLS = NO;
				SWIFT_APPROACHABLE_CONCURRENCY = YES;
				SWIFT_EMIT_LOC_STRINGS = NO;
				SWIFT_UPCOMING_FEATURE_MEMBER_IMPORT_VISIBILITY = YES;
				SWIFT_VERSION = 5.0;
				TARGETED_DEVICE_FAMILY = "1,2";
				TEST_HOST = "$(BUILT_PRODUCTS_DIR)/OutingPlanner.app/$(BUNDLE_EXECUTABLE_FOLDER_PATH)/OutingPlanner";
			};
			name = Debug;
		};
		845E4C12305E84B600EB3123 /* Release configuration for PBXNativeTarget "OutingPlannerTests" */ = {
			isa = XCBuildConfiguration;
			buildSettings = {
				BUNDLE_LOADER = "$(TEST_HOST)";
				CODE_SIGN_STYLE = Automatic;
				CURRENT_PROJECT_VERSION = 1;
				DEVELOPMENT_TEAM = 2SGU3AV6ZQ;
				GENERATE_INFOPLIST_FILE = YES;
				IPHONEOS_DEPLOYMENT_TARGET = 27.0;
				MARKETING_VERSION = 1.0;
				PRODUCT_BUNDLE_IDENTIFIER = com.ysjp.OutingPlannerTests;
				PRODUCT_NAME = "$(TARGET_NAME)";
				STRING_CATALOG_GENERATE_SYMBOLS = NO;
				SWIFT_APPROACHABLE_CONCURRENCY = YES;
				SWIFT_EMIT_LOC_STRINGS = NO;
				SWIFT_UPCOMING_FEATURE_MEMBER_IMPORT_VISIBILITY = YES;
				SWIFT_VERSION = 5.0;
				TARGETED_DEVICE_FAMILY = "1,2";
				TEST_HOST = "$(BUILT_PRODUCTS_DIR)/OutingPlanner.app/$(BUNDLE_EXECUTABLE_FOLDER_PATH)/OutingPlanner";
			};
			name = Release;
		};
		845E4C14305E84B600EB3123 /* Debug configuration for PBXNativeTarget "OutingPlannerUITests" */ = {
			isa = XCBuildConfiguration;
			buildSettings = {
				CODE_SIGN_STYLE = Automatic;
				CURRENT_PROJECT_VERSION = 1;
				DEVELOPMENT_TEAM = 2SGU3AV6ZQ;
				GENERATE_INFOPLIST_FILE = YES;
				MARKETING_VERSION = 1.0;
				PRODUCT_BUNDLE_IDENTIFIER = com.ysjp.OutingPlannerUITests;
				PRODUCT_NAME = "$(TARGET_NAME)";
				STRING_CATALOG_GENERATE_SYMBOLS = NO;
				SWIFT_APPROACHABLE_CONCURRENCY = YES;
				SWIFT_EMIT_LOC_STRINGS = NO;
				SWIFT_UPCOMING_FEATURE_MEMBER_IMPORT_VISIBILITY = YES;
				SWIFT_VERSION = 5.0;
				TARGETED_DEVICE_FAMILY = "1,2";
				TEST_TARGET_NAME = OutingPlanner;
			};
			name = Debug;
		};
		845E4C15305E84B600EB3123 /* Release configuration for PBXNativeTarget "OutingPlannerUITests" */ = {
			isa = XCBuildConfiguration;
			buildSettings = {
				CODE_SIGN_STYLE = Automatic;
				CURRENT_PROJECT_VERSION = 1;
				DEVELOPMENT_TEAM = 2SGU3AV6ZQ;
				GENERATE_INFOPLIST_FILE = YES;
				MARKETING_VERSION = 1.0;
				PRODUCT_BUNDLE_IDENTIFIER = com.ysjp.OutingPlannerUITests;
				PRODUCT_NAME = "$(TARGET_NAME)";
				STRING_CATALOG_GENERATE_SYMBOLS = NO;
				SWIFT_APPROACHABLE_CONCURRENCY = YES;
				SWIFT_EMIT_LOC_STRINGS = NO;
				SWIFT_UPCOMING_FEATURE_MEMBER_IMPORT_VISIBILITY = YES;
				SWIFT_VERSION = 5.0;
				TARGETED_DEVICE_FAMILY = "1,2";
				TEST_TARGET_NAME = OutingPlanner;
			};
			name = Release;
		};
/* End XCBuildConfiguration section */

/* Begin XCConfigurationList section */
		845E4BE9305E84B500EB3123 /* Build configuration list for PBXProject "OutingPlanner" */ = {
			isa = XCConfigurationList;
			buildConfigurations = (
				845E4C0B305E84B600EB3123 /* Debug configuration for PBXProject "OutingPlanner" */,
				845E4C0C305E84B600EB3123 /* Release configuration for PBXProject "OutingPlanner" */,
			);
			defaultConfigurationName = Release;
		};
		845E4C0D305E84B600EB3123 /* Build configuration list for PBXNativeTarget "OutingPlanner" */ = {
			isa = XCConfigurationList;
			buildConfigurations = (
				845E4C0E305E84B600EB3123 /* Debug configuration for PBXNativeTarget "OutingPlanner" */,
				845E4C0F305E84B600EB3123 /* Release configuration for PBXNativeTarget "OutingPlanner" */,
			);
			defaultConfigurationName = Release;
		};
		845E4C10305E84B600EB3123 /* Build configuration list for PBXNativeTarget "OutingPlannerTests" */ = {
			isa = XCConfigurationList;
			buildConfigurations = (
				845E4C11305E84B600EB3123 /* Debug configuration for PBXNativeTarget "OutingPlannerTests" */,
				845E4C12305E84B600EB3123 /* Release configuration for PBXNativeTarget "OutingPlannerTests" */,
			);
			defaultConfigurationName = Release;
		};
		845E4C13305E84B600EB3123 /* Build configuration list for PBXNativeTarget "OutingPlannerUITests" */ = {
			isa = XCConfigurationList;
			buildConfigurations = (
				845E4C14305E84B600EB3123 /* Debug configuration for PBXNativeTarget "OutingPlannerUITests" */,
				845E4C15305E84B600EB3123 /* Release configuration for PBXNativeTarget "OutingPlannerUITests" */,
			);
			defaultConfigurationName = Release;
		};
/* End XCConfigurationList section */
	};
	rootObject = 845E4BE6305E84B500EB3123 /* Project object */;
	validationLevel = 1;
}
